// !$*UTF8*$!
{
	archiveVersion = 1;
	classes = {
	};
	objectVersion = 51;
	objects = {

/* Begin PBXBuildFile section */
		0BD1F5A5B12E921C47BA6431 /* Pods_Project_Timer.framework in Frameworks */ = {isa = PBXBuildFile; fileRef = CBC3AA8A676F050C7AB2A15B /* Pods_Project_Timer.framework */; };
		870920F925CC364A00CD0E3F /* SetTimerViewController2.swift in Sources */ = {isa = PBXBuildFile; fileRef = 870920F825CC364A00CD0E3F /* SetTimerViewController2.swift */; };
		870A09D5269959DF00479B37 /* testTodayViewController.swift in Sources */ = {isa = PBXBuildFile; fileRef = 870A09D4269959DF00479B37 /* testTodayViewController.swift */; };
		8718DBB126415A7D0027DAB1 /* Time.swift in Sources */ = {isa = PBXBuildFile; fileRef = 8718DBB026415A7D0027DAB1 /* Time.swift */; };
		871A441E263F8D9300354BEE /* StaticCircularProgressView.swift in Sources */ = {isa = PBXBuildFile; fileRef = 871A441D263F8D9300354BEE /* StaticCircularProgressView.swift */; };
		872A525125F3E07E008D9F4B /* Localizable.strings in Resources */ = {isa = PBXBuildFile; fileRef = 872A525325F3E07E008D9F4B /* Localizable.strings */; };
		87385596269B22AC006BD661 /* Todo.swift in Sources */ = {isa = PBXBuildFile; fileRef = 87385595269B22AC006BD661 /* Todo.swift */; };
		87385598269B22C0006BD661 /* Dumy.swift in Sources */ = {isa = PBXBuildFile; fileRef = 87385597269B22C0006BD661 /* Dumy.swift */; };
		8738559B269B22FF006BD661 /* TodayViewManager.swift in Sources */ = {isa = PBXBuildFile; fileRef = 8738559A269B22FF006BD661 /* TodayViewManager.swift */; };
		8738559D269B2311006BD661 /* ViewManager.swift in Sources */ = {isa = PBXBuildFile; fileRef = 8738559C269B2311006BD661 /* ViewManager.swift */; };
		8738559F269B231F006BD661 /* TodoManager.swift in Sources */ = {isa = PBXBuildFile; fileRef = 8738559E269B231F006BD661 /* TodoManager.swift */; };
		873855A1269B2330006BD661 /* DailyManager.swift in Sources */ = {isa = PBXBuildFile; fileRef = 873855A0269B2330006BD661 /* DailyManager.swift */; };
		873855A4269B235D006BD661 /* DailyViewModel.swift in Sources */ = {isa = PBXBuildFile; fileRef = 873855A3269B235D006BD661 /* DailyViewModel.swift */; };
		873855A6269B236A006BD661 /* TodolistViewModel.swift in Sources */ = {isa = PBXBuildFile; fileRef = 873855A5269B236A006BD661 /* TodolistViewModel.swift */; };
		8739DB4F264D36540066A029 /* TodayViewController.swift in Sources */ = {isa = PBXBuildFile; fileRef = 8739DB4E264D36540066A029 /* TodayViewController.swift */; };
		8756C43D2656BDF900944F77 /* firstViewController.swift in Sources */ = {isa = PBXBuildFile; fileRef = 8756C43C2656BDF900944F77 /* firstViewController.swift */; };
		87577973261B05E30055C674 /* taskSelectViewController.swift in Sources */ = {isa = PBXBuildFile; fileRef = 87577972261B05E30055C674 /* taskSelectViewController.swift */; };
		875A6FED261BF4050026F575 /* Daily.swift in Sources */ = {isa = PBXBuildFile; fileRef = 875A6FEC261BF4050026F575 /* Daily.swift */; };
		875A6FF1261BFC390026F575 /* Storage.swift in Sources */ = {isa = PBXBuildFile; fileRef = 875A6FF0261BFC390026F575 /* Storage.swift */; };
		875A6FF4261BFF800026F575 /* DailyViewController.swift in Sources */ = {isa = PBXBuildFile; fileRef = 875A6FF3261BFF800026F575 /* DailyViewController.swift */; };
		87654A43264D5C640046F66E /* todayContentView.swift in Sources */ = {isa = PBXBuildFile; fileRef = 87654A42264D5C640046F66E /* todayContentView.swift */; };
		876E57432664BCA200418018 /* GoogleService-Info.plist in Resources */ = {isa = PBXBuildFile; fileRef = 876E57422664BCA200418018 /* GoogleService-Info.plist */; };
		8787DFDA25B5322A007B8C13 /* HGGGOTHICSSI_PRO_20G.otf in Resources */ = {isa = PBXBuildFile; fileRef = 8787DFD425B5322A007B8C13 /* HGGGOTHICSSI_PRO_20G.otf */; };
		8787DFDB25B5322A007B8C13 /* HGGGOTHICSSI_PRO_60G.otf in Resources */ = {isa = PBXBuildFile; fileRef = 8787DFD525B5322A007B8C13 /* HGGGOTHICSSI_PRO_60G.otf */; };
		8787DFDC25B5322A007B8C13 /* HGGGOTHICSSI_PRO_99G.otf in Resources */ = {isa = PBXBuildFile; fileRef = 8787DFD625B5322A007B8C13 /* HGGGOTHICSSI_PRO_99G.otf */; };
		8787DFDD25B5322A007B8C13 /* HGGGOTHICSSI_PRO_40G.otf in Resources */ = {isa = PBXBuildFile; fileRef = 8787DFD725B5322A007B8C13 /* HGGGOTHICSSI_PRO_40G.otf */; };
		8787DFDE25B5322A007B8C13 /* HGGGOTHICSSI_PRO_00G.otf in Resources */ = {isa = PBXBuildFile; fileRef = 8787DFD825B5322A007B8C13 /* HGGGOTHICSSI_PRO_00G.otf */; };
		8787DFDF25B5322A007B8C13 /* HGGGOTHICSSI_PRO_80G.otf in Resources */ = {isa = PBXBuildFile; fileRef = 8787DFD925B5322A007B8C13 /* HGGGOTHICSSI_PRO_80G.otf */; };
		8799C7F2264A33F200D7E871 /* Maplestory OTF Light.otf in Resources */ = {isa = PBXBuildFile; fileRef = 8799C7E5264A30E500D7E871 /* Maplestory OTF Light.otf */; };
		8799C7F3264A33F500D7E871 /* HangeulNuriB.ttf in Resources */ = {isa = PBXBuildFile; fileRef = 8799C7EA264A31A200D7E871 /* HangeulNuriB.ttf */; };
		8799C7F4264A33F800D7E871 /* HangeulNuriR.ttf in Resources */ = {isa = PBXBuildFile; fileRef = 8799C7EB264A31A200D7E871 /* HangeulNuriR.ttf */; };
		8799C7F5264A33FA00D7E871 /* Binggrae.otf in Resources */ = {isa = PBXBuildFile; fileRef = 8799C7EC264A31F800D7E871 /* Binggrae.otf */; };
		8799C7F6264A33FD00D7E871 /* BinggraeMelona.otf in Resources */ = {isa = PBXBuildFile; fileRef = 8799C7EE264A320400D7E871 /* BinggraeMelona.otf */; };
		8799C7F7264A340000D7E871 /* BinggraeTaom.otf in Resources */ = {isa = PBXBuildFile; fileRef = 8799C7ED264A320400D7E871 /* BinggraeTaom.otf */; };
		8799C7F8264A340300D7E871 /* Cafe24Oneprettynight.ttf in Resources */ = {isa = PBXBuildFile; fileRef = 8799C7EF264A324500D7E871 /* Cafe24Oneprettynight.ttf */; };
		8799C7F9264A340500D7E871 /* NanumBarunpenRegular.ttf in Resources */ = {isa = PBXBuildFile; fileRef = 8799C7F0264A32C200D7E871 /* NanumBarunpenRegular.ttf */; };
		8799C7FA264A340800D7E871 /* NanumSquareRoundR.ttf in Resources */ = {isa = PBXBuildFile; fileRef = 8799C7F1264A32D500D7E871 /* NanumSquareRoundR.ttf */; };
		87BF47D525B6E12A00EE2819 /* timer.mp3 in Resources */ = {isa = PBXBuildFile; fileRef = 87BF47D425B6E12A00EE2819 /* timer.mp3 */; };
		87E07B88263C49940051EE85 /* StopwatchViewController.swift in Sources */ = {isa = PBXBuildFile; fileRef = 87E07B87263C49940051EE85 /* StopwatchViewController.swift */; };
		87E07B8A263C4F030051EE85 /* TimerViewController.swift in Sources */ = {isa = PBXBuildFile; fileRef = 87E07B89263C4F030051EE85 /* TimerViewController.swift */; };
		87EA080425E5463B00E17CF9 /* ContentView.swift in Sources */ = {isa = PBXBuildFile; fileRef = 87EA080325E5463B00E17CF9 /* ContentView.swift */; };
		87EA080725E5465300E17CF9 /* GraphViewController.swift in Sources */ = {isa = PBXBuildFile; fileRef = 87EA080625E5465300E17CF9 /* GraphViewController.swift */; };
		87F59CAE263AF91F00EFFC15 /* GraphViewController2.swift in Sources */ = {isa = PBXBuildFile; fileRef = 87F59CAD263AF91E00EFFC15 /* GraphViewController2.swift */; };
		87FF895425C42DBF00437FD5 /* ViewController2.swift in Sources */ = {isa = PBXBuildFile; fileRef = 87FF895025C42D5F00437FD5 /* ViewController2.swift */; };
		9312E4CC252231E600025C81 /* LogViewController.swift in Sources */ = {isa = PBXBuildFile; fileRef = 9312E4CB252231E600025C81 /* LogViewController.swift */; };
		932EE05A2490A78400B00774 /* SetViewController.swift in Sources */ = {isa = PBXBuildFile; fileRef = 932EE0592490A78400B00774 /* SetViewController.swift */; };
		935411AB25402D89008CB6DD /* SetTimerViewController.swift in Sources */ = {isa = PBXBuildFile; fileRef = 935411AA25402D89008CB6DD /* SetTimerViewController.swift */; };
		93A892B124C14D4700F89180 /* CircularProgressView.swift in Sources */ = {isa = PBXBuildFile; fileRef = 93A892B024C14D4700F89180 /* CircularProgressView.swift */; };
		93B08521248DDF2F00E215BD /* AppDelegate.swift in Sources */ = {isa = PBXBuildFile; fileRef = 93B08520248DDF2F00E215BD /* AppDelegate.swift */; };
		93B08523248DDF2F00E215BD /* SceneDelegate.swift in Sources */ = {isa = PBXBuildFile; fileRef = 93B08522248DDF2F00E215BD /* SceneDelegate.swift */; };
		93B08525248DDF2F00E215BD /* ViewController.swift in Sources */ = {isa = PBXBuildFile; fileRef = 93B08524248DDF2F00E215BD /* ViewController.swift */; };
		93B08528248DDF2F00E215BD /* Main.storyboard in Resources */ = {isa = PBXBuildFile; fileRef = 93B08526248DDF2F00E215BD /* Main.storyboard */; };
		93B0852A248DDF3000E215BD /* Assets.xcassets in Resources */ = {isa = PBXBuildFile; fileRef = 93B08529248DDF3000E215BD /* Assets.xcassets */; };
		93B0852D248DDF3000E215BD /* LaunchScreen.storyboard in Resources */ = {isa = PBXBuildFile; fileRef = 93B0852B248DDF3000E215BD /* LaunchScreen.storyboard */; };
/* End PBXBuildFile section */

/* Begin PBXFileReference section */
		870920F825CC364A00CD0E3F /* SetTimerViewController2.swift */ = {isa = PBXFileReference; lastKnownFileType = sourcecode.swift; path = SetTimerViewController2.swift; sourceTree = "<group>"; };
		870A09D4269959DF00479B37 /* testTodayViewController.swift */ = {isa = PBXFileReference; lastKnownFileType = sourcecode.swift; path = testTodayViewController.swift; sourceTree = "<group>"; };
		8718DBB026415A7D0027DAB1 /* Time.swift */ = {isa = PBXFileReference; lastKnownFileType = sourcecode.swift; path = Time.swift; sourceTree = "<group>"; };
		871A441D263F8D9300354BEE /* StaticCircularProgressView.swift */ = {isa = PBXFileReference; lastKnownFileType = sourcecode.swift; path = StaticCircularProgressView.swift; sourceTree = "<group>"; };
		872A525225F3E07E008D9F4B /* en */ = {isa = PBXFileReference; lastKnownFileType = text.plist.strings; name = en; path = en.lproj/Localizable.strings; sourceTree = "<group>"; };
		872A525525F3E092008D9F4B /* ko */ = {isa = PBXFileReference; lastKnownFileType = text.plist.strings; name = ko; path = ko.lproj/Main.strings; sourceTree = "<group>"; };
		872A525625F3E093008D9F4B /* ko */ = {isa = PBXFileReference; lastKnownFileType = text.plist.strings; name = ko; path = ko.lproj/LaunchScreen.strings; sourceTree = "<group>"; };
		872A525725F3E093008D9F4B /* ko */ = {isa = PBXFileReference; lastKnownFileType = text.plist.strings; name = ko; path = ko.lproj/Localizable.strings; sourceTree = "<group>"; };
		87385595269B22AC006BD661 /* Todo.swift */ = {isa = PBXFileReference; lastKnownFileType = sourcecode.swift; path = Todo.swift; sourceTree = "<group>"; };
		87385597269B22C0006BD661 /* Dumy.swift */ = {isa = PBXFileReference; lastKnownFileType = sourcecode.swift; path = Dumy.swift; sourceTree = "<group>"; };
		8738559A269B22FF006BD661 /* TodayViewManager.swift */ = {isa = PBXFileReference; lastKnownFileType = sourcecode.swift; path = TodayViewManager.swift; sourceTree = "<group>"; };
		8738559C269B2311006BD661 /* ViewManager.swift */ = {isa = PBXFileReference; lastKnownFileType = sourcecode.swift; path = ViewManager.swift; sourceTree = "<group>"; };
		8738559E269B231F006BD661 /* TodoManager.swift */ = {isa = PBXFileReference; lastKnownFileType = sourcecode.swift; path = TodoManager.swift; sourceTree = "<group>"; };
		873855A0269B2330006BD661 /* DailyManager.swift */ = {isa = PBXFileReference; lastKnownFileType = sourcecode.swift; path = DailyManager.swift; sourceTree = "<group>"; };
		873855A3269B235D006BD661 /* DailyViewModel.swift */ = {isa = PBXFileReference; lastKnownFileType = sourcecode.swift; path = DailyViewModel.swift; sourceTree = "<group>"; };
		873855A5269B236A006BD661 /* TodolistViewModel.swift */ = {isa = PBXFileReference; lastKnownFileType = sourcecode.swift; path = TodolistViewModel.swift; sourceTree = "<group>"; };
		8739DB4E264D36540066A029 /* TodayViewController.swift */ = {isa = PBXFileReference; lastKnownFileType = sourcecode.swift; path = TodayViewController.swift; sourceTree = "<group>"; };
		8756C43C2656BDF900944F77 /* firstViewController.swift */ = {isa = PBXFileReference; lastKnownFileType = sourcecode.swift; path = firstViewController.swift; sourceTree = "<group>"; };
		87577972261B05E30055C674 /* taskSelectViewController.swift */ = {isa = PBXFileReference; lastKnownFileType = sourcecode.swift; path = taskSelectViewController.swift; sourceTree = "<group>"; };
		875A6FEC261BF4050026F575 /* Daily.swift */ = {isa = PBXFileReference; lastKnownFileType = sourcecode.swift; path = Daily.swift; sourceTree = "<group>"; };
		875A6FF0261BFC390026F575 /* Storage.swift */ = {isa = PBXFileReference; lastKnownFileType = sourcecode.swift; path = Storage.swift; sourceTree = "<group>"; };
		875A6FF3261BFF800026F575 /* DailyViewController.swift */ = {isa = PBXFileReference; lastKnownFileType = sourcecode.swift; name = DailyViewController.swift; path = ../View/DailyViewController.swift; sourceTree = "<group>"; };
		87654A42264D5C640046F66E /* todayContentView.swift */ = {isa = PBXFileReference; lastKnownFileType = sourcecode.swift; path = todayContentView.swift; sourceTree = "<group>"; };
		876E57422664BCA200418018 /* GoogleService-Info.plist */ = {isa = PBXFileReference; fileEncoding = 4; lastKnownFileType = text.plist.xml; path = "GoogleService-Info.plist"; sourceTree = "<group>"; };
		8787DFD425B5322A007B8C13 /* HGGGOTHICSSI_PRO_20G.otf */ = {isa = PBXFileReference; lastKnownFileType = file; path = HGGGOTHICSSI_PRO_20G.otf; sourceTree = "<group>"; };
		8787DFD525B5322A007B8C13 /* HGGGOTHICSSI_PRO_60G.otf */ = {isa = PBXFileReference; lastKnownFileType = file; path = HGGGOTHICSSI_PRO_60G.otf; sourceTree = "<group>"; };
		8787DFD625B5322A007B8C13 /* HGGGOTHICSSI_PRO_99G.otf */ = {isa = PBXFileReference; lastKnownFileType = file; path = HGGGOTHICSSI_PRO_99G.otf; sourceTree = "<group>"; };
		8787DFD725B5322A007B8C13 /* HGGGOTHICSSI_PRO_40G.otf */ = {isa = PBXFileReference; lastKnownFileType = file; path = HGGGOTHICSSI_PRO_40G.otf; sourceTree = "<group>"; };
		8787DFD825B5322A007B8C13 /* HGGGOTHICSSI_PRO_00G.otf */ = {isa = PBXFileReference; lastKnownFileType = file; path = HGGGOTHICSSI_PRO_00G.otf; sourceTree = "<group>"; };
		8787DFD925B5322A007B8C13 /* HGGGOTHICSSI_PRO_80G.otf */ = {isa = PBXFileReference; lastKnownFileType = file; path = HGGGOTHICSSI_PRO_80G.otf; sourceTree = "<group>"; };
		8799C7E5264A30E500D7E871 /* Maplestory OTF Light.otf */ = {isa = PBXFileReference; lastKnownFileType = file; path = "Maplestory OTF Light.otf"; sourceTree = "<group>"; };
		8799C7EA264A31A200D7E871 /* HangeulNuriB.ttf */ = {isa = PBXFileReference; lastKnownFileType = file; path = HangeulNuriB.ttf; sourceTree = "<group>"; };
		8799C7EB264A31A200D7E871 /* HangeulNuriR.ttf */ = {isa = PBXFileReference; lastKnownFileType = file; path = HangeulNuriR.ttf; sourceTree = "<group>"; };
		8799C7EC264A31F800D7E871 /* Binggrae.otf */ = {isa = PBXFileReference; lastKnownFileType = file; path = Binggrae.otf; sourceTree = "<group>"; };
		8799C7ED264A320400D7E871 /* BinggraeTaom.otf */ = {isa = PBXFileReference; lastKnownFileType = file; path = BinggraeTaom.otf; sourceTree = "<group>"; };
		8799C7EE264A320400D7E871 /* BinggraeMelona.otf */ = {isa = PBXFileReference; lastKnownFileType = file; path = BinggraeMelona.otf; sourceTree = "<group>"; };
		8799C7EF264A324500D7E871 /* Cafe24Oneprettynight.ttf */ = {isa = PBXFileReference; lastKnownFileType = file; path = Cafe24Oneprettynight.ttf; sourceTree = "<group>"; };
		8799C7F0264A32C200D7E871 /* NanumBarunpenRegular.ttf */ = {isa = PBXFileReference; lastKnownFileType = file; path = NanumBarunpenRegular.ttf; sourceTree = "<group>"; };
		8799C7F1264A32D500D7E871 /* NanumSquareRoundR.ttf */ = {isa = PBXFileReference; lastKnownFileType = file; path = NanumSquareRoundR.ttf; sourceTree = "<group>"; };
		87BF47D425B6E12A00EE2819 /* timer.mp3 */ = {isa = PBXFileReference; lastKnownFileType = audio.mp3; path = timer.mp3; sourceTree = "<group>"; };
		87E07B87263C49940051EE85 /* StopwatchViewController.swift */ = {isa = PBXFileReference; lastKnownFileType = sourcecode.swift; path = StopwatchViewController.swift; sourceTree = "<group>"; };
		87E07B89263C4F030051EE85 /* TimerViewController.swift */ = {isa = PBXFileReference; lastKnownFileType = sourcecode.swift; path = TimerViewController.swift; sourceTree = "<group>"; };
		87EA080325E5463B00E17CF9 /* ContentView.swift */ = {isa = PBXFileReference; lastKnownFileType = sourcecode.swift; path = ContentView.swift; sourceTree = "<group>"; };
		87EA080625E5465300E17CF9 /* GraphViewController.swift */ = {isa = PBXFileReference; lastKnownFileType = sourcecode.swift; path = GraphViewController.swift; sourceTree = "<group>"; };
		87F59CAD263AF91E00EFFC15 /* GraphViewController2.swift */ = {isa = PBXFileReference; lastKnownFileType = sourcecode.swift; path = GraphViewController2.swift; sourceTree = "<group>"; };
		87FF895025C42D5F00437FD5 /* ViewController2.swift */ = {isa = PBXFileReference; lastKnownFileType = sourcecode.swift; path = ViewController2.swift; sourceTree = "<group>"; };
		9312E4CB252231E600025C81 /* LogViewController.swift */ = {isa = PBXFileReference; lastKnownFileType = sourcecode.swift; path = LogViewController.swift; sourceTree = "<group>"; };
		932EE0592490A78400B00774 /* SetViewController.swift */ = {isa = PBXFileReference; lastKnownFileType = sourcecode.swift; path = SetViewController.swift; sourceTree = "<group>"; };
		935411AA25402D89008CB6DD /* SetTimerViewController.swift */ = {isa = PBXFileReference; lastKnownFileType = sourcecode.swift; path = SetTimerViewController.swift; sourceTree = "<group>"; };
		93A892B024C14D4700F89180 /* CircularProgressView.swift */ = {isa = PBXFileReference; lastKnownFileType = sourcecode.swift; path = CircularProgressView.swift; sourceTree = "<group>"; };
		93B0851D248DDF2F00E215BD /* TiTi.app */ = {isa = PBXFileReference; explicitFileType = wrapper.application; includeInIndex = 0; path = TiTi.app; sourceTree = BUILT_PRODUCTS_DIR; };
		93B08520248DDF2F00E215BD /* AppDelegate.swift */ = {isa = PBXFileReference; lastKnownFileType = sourcecode.swift; path = AppDelegate.swift; sourceTree = "<group>"; };
		93B08522248DDF2F00E215BD /* SceneDelegate.swift */ = {isa = PBXFileReference; lastKnownFileType = sourcecode.swift; path = SceneDelegate.swift; sourceTree = "<group>"; };
		93B08524248DDF2F00E215BD /* ViewController.swift */ = {isa = PBXFileReference; lastKnownFileType = sourcecode.swift; path = ViewController.swift; sourceTree = "<group>"; };
		93B08527248DDF2F00E215BD /* Base */ = {isa = PBXFileReference; lastKnownFileType = file.storyboard; name = Base; path = Base.lproj/Main.storyboard; sourceTree = "<group>"; };
		93B08529248DDF3000E215BD /* Assets.xcassets */ = {isa = PBXFileReference; lastKnownFileType = folder.assetcatalog; path = Assets.xcassets; sourceTree = "<group>"; };
		93B0852C248DDF3000E215BD /* Base */ = {isa = PBXFileReference; lastKnownFileType = file.storyboard; name = Base; path = Base.lproj/LaunchScreen.storyboard; sourceTree = "<group>"; };
		93B0852E248DDF3000E215BD /* Info.plist */ = {isa = PBXFileReference; lastKnownFileType = text.plist.xml; path = Info.plist; sourceTree = "<group>"; };
		93B08534248DEEBA00E215BD /* Project_Timer.entitlements */ = {isa = PBXFileReference; lastKnownFileType = text.plist.entitlements; path = Project_Timer.entitlements; sourceTree = "<group>"; };
		B9F9DD95587EC2C8E3D9B10C /* Pods-Project_Timer.release.xcconfig */ = {isa = PBXFileReference; includeInIndex = 1; lastKnownFileType = text.xcconfig; name = "Pods-Project_Timer.release.xcconfig"; path = "Target Support Files/Pods-Project_Timer/Pods-Project_Timer.release.xcconfig"; sourceTree = "<group>"; };
		CBC3AA8A676F050C7AB2A15B /* Pods_Project_Timer.framework */ = {isa = PBXFileReference; explicitFileType = wrapper.framework; includeInIndex = 0; path = Pods_Project_Timer.framework; sourceTree = BUILT_PRODUCTS_DIR; };
		D717C535DF3C2A8846A76A20 /* Pods-Project_Timer.debug.xcconfig */ = {isa = PBXFileReference; includeInIndex = 1; lastKnownFileType = text.xcconfig; name = "Pods-Project_Timer.debug.xcconfig"; path = "Target Support Files/Pods-Project_Timer/Pods-Project_Timer.debug.xcconfig"; sourceTree = "<group>"; };
/* End PBXFileReference section */

/* Begin PBXFrameworksBuildPhase section */
		93B0851A248DDF2F00E215BD /* Frameworks */ = {
			isa = PBXFrameworksBuildPhase;
			buildActionMask = 2147483647;
			files = (
				0BD1F5A5B12E921C47BA6431 /* Pods_Project_Timer.framework in Frameworks */,
			);
			runOnlyForDeploymentPostprocessing = 0;
		};
/* End PBXFrameworksBuildPhase section */

/* Begin PBXGroup section */
		6C8F4556C6233E3371A2EB78 /* Pods */ = {
			isa = PBXGroup;
			children = (
				D717C535DF3C2A8846A76A20 /* Pods-Project_Timer.debug.xcconfig */,
				B9F9DD95587EC2C8E3D9B10C /* Pods-Project_Timer.release.xcconfig */,
			);
			path = Pods;
			sourceTree = "<group>";
		};
		871E99C72614A092003A5EE7 /* Model */ = {
			isa = PBXGroup;
			children = (
				93A892B024C14D4700F89180 /* CircularProgressView.swift */,
				871A441D263F8D9300354BEE /* StaticCircularProgressView.swift */,
				875A6FEC261BF4050026F575 /* Daily.swift */,
				875A6FF0261BFC390026F575 /* Storage.swift */,
				8718DBB026415A7D0027DAB1 /* Time.swift */,
				87385595269B22AC006BD661 /* Todo.swift */,
				87385597269B22C0006BD661 /* Dumy.swift */,
			);
			path = Model;
			sourceTree = "<group>";
		};
		871E99C82614A0A1003A5EE7 /* Controller */ = {
			isa = PBXGroup;
			children = (
				93B08520248DDF2F00E215BD /* AppDelegate.swift */,
				93B08524248DDF2F00E215BD /* ViewController.swift */,
				87FF895025C42D5F00437FD5 /* ViewController2.swift */,
				9312E4CB252231E600025C81 /* LogViewController.swift */,
				87EA080625E5465300E17CF9 /* GraphViewController.swift */,
				932EE0592490A78400B00774 /* SetViewController.swift */,
				935411AA25402D89008CB6DD /* SetTimerViewController.swift */,
				870920F825CC364A00CD0E3F /* SetTimerViewController2.swift */,
				875A6FF3261BFF800026F575 /* DailyViewController.swift */,
			);
			path = Controller;
			sourceTree = "<group>";
		};
		871E99C92614A0AA003A5EE7 /* View */ = {
			isa = PBXGroup;
			children = (
				93B08529248DDF3000E215BD /* Assets.xcassets */,
				93B08526248DDF2F00E215BD /* Main.storyboard */,
				93B0852B248DDF3000E215BD /* LaunchScreen.storyboard */,
			);
			path = View;
			sourceTree = "<group>";
		};
		87385599269B22F1006BD661 /* Manager */ = {
			isa = PBXGroup;
			children = (
				8738559A269B22FF006BD661 /* TodayViewManager.swift */,
				8738559C269B2311006BD661 /* ViewManager.swift */,
				8738559E269B231F006BD661 /* TodoManager.swift */,
				873855A0269B2330006BD661 /* DailyManager.swift */,
			);
			path = Manager;
			sourceTree = "<group>";
		};
		873855A2269B2353006BD661 /* viewModel */ = {
			isa = PBXGroup;
			children = (
				873855A3269B235D006BD661 /* DailyViewModel.swift */,
				873855A5269B236A006BD661 /* TodolistViewModel.swift */,
			);
			path = viewModel;
			sourceTree = "<group>";
		};
		87BF47D225B6E0E400EE2819 /* component */ = {
			isa = PBXGroup;
			children = (
				87BF47D425B6E12A00EE2819 /* timer.mp3 */,
			);
			path = component;
			sourceTree = "<group>";
		};
		87F59CAC263AF8FE00EFFC15 /* Test */ = {
			isa = PBXGroup;
			children = (
				87F59CAD263AF91E00EFFC15 /* GraphViewController2.swift */,
				87EA080325E5463B00E17CF9 /* ContentView.swift */,
				87E07B87263C49940051EE85 /* StopwatchViewController.swift */,
				87E07B89263C4F030051EE85 /* TimerViewController.swift */,
				87577972261B05E30055C674 /* taskSelectViewController.swift */,
				8739DB4E264D36540066A029 /* TodayViewController.swift */,
				87654A42264D5C640046F66E /* todayContentView.swift */,
				8756C43C2656BDF900944F77 /* firstViewController.swift */,
				870A09D4269959DF00479B37 /* testTodayViewController.swift */,
			);
			path = Test;
			sourceTree = "<group>";
		};
		93544DA12524BFC8009368C1 /* fonts */ = {
			isa = PBXGroup;
			children = (
				8787DFD825B5322A007B8C13 /* HGGGOTHICSSI_PRO_00G.otf */,
				8787DFD425B5322A007B8C13 /* HGGGOTHICSSI_PRO_20G.otf */,
				8787DFD725B5322A007B8C13 /* HGGGOTHICSSI_PRO_40G.otf */,
				8787DFD525B5322A007B8C13 /* HGGGOTHICSSI_PRO_60G.otf */,
				8787DFD925B5322A007B8C13 /* HGGGOTHICSSI_PRO_80G.otf */,
				8787DFD625B5322A007B8C13 /* HGGGOTHICSSI_PRO_99G.otf */,
				8799C7E5264A30E500D7E871 /* Maplestory OTF Light.otf */,
				8799C7EA264A31A200D7E871 /* HangeulNuriB.ttf */,
				8799C7EB264A31A200D7E871 /* HangeulNuriR.ttf */,
				8799C7EC264A31F800D7E871 /* Binggrae.otf */,
				8799C7EE264A320400D7E871 /* BinggraeMelona.otf */,
				8799C7ED264A320400D7E871 /* BinggraeTaom.otf */,
				8799C7EF264A324500D7E871 /* Cafe24Oneprettynight.ttf */,
				8799C7F0264A32C200D7E871 /* NanumBarunpenRegular.ttf */,
				8799C7F1264A32D500D7E871 /* NanumSquareRoundR.ttf */,
			);
			path = fonts;
			sourceTree = "<group>";
		};
		93B08514248DDF2F00E215BD = {
			isa = PBXGroup;
			children = (
				93B0851F248DDF2F00E215BD /* Project_Timer */,
				93B0851E248DDF2F00E215BD /* Products */,
				6C8F4556C6233E3371A2EB78 /* Pods */,
				AC5B345C29A01DA18D9F1EDC /* Frameworks */,
			);
			sourceTree = "<group>";
		};
		93B0851E248DDF2F00E215BD /* Products */ = {
			isa = PBXGroup;
			children = (
				93B0851D248DDF2F00E215BD /* TiTi.app */,
			);
			name = Products;
			sourceTree = "<group>";
		};
		93B0851F248DDF2F00E215BD /* Project_Timer */ = {
			isa = PBXGroup;
			children = (
				873855A2269B2353006BD661 /* viewModel */,
				87385599269B22F1006BD661 /* Manager */,
				87F59CAC263AF8FE00EFFC15 /* Test */,
				871E99C72614A092003A5EE7 /* Model */,
				871E99C92614A0AA003A5EE7 /* View */,
				871E99C82614A0A1003A5EE7 /* Controller */,
				87BF47D225B6E0E400EE2819 /* component */,
				93544DA12524BFC8009368C1 /* fonts */,
				872A525325F3E07E008D9F4B /* Localizable.strings */,
				93B08534248DEEBA00E215BD /* Project_Timer.entitlements */,
				93B08522248DDF2F00E215BD /* SceneDelegate.swift */,
				93B0852E248DDF3000E215BD /* Info.plist */,
				876E57422664BCA200418018 /* GoogleService-Info.plist */,
			);
			path = Project_Timer;
			sourceTree = "<group>";
		};
		AC5B345C29A01DA18D9F1EDC /* Frameworks */ = {
			isa = PBXGroup;
			children = (
				CBC3AA8A676F050C7AB2A15B /* Pods_Project_Timer.framework */,
			);
			name = Frameworks;
			sourceTree = "<group>";
		};
/* End PBXGroup section */

/* Begin PBXNativeTarget section */
		93B0851C248DDF2F00E215BD /* Project_Timer */ = {
			isa = PBXNativeTarget;
			buildConfigurationList = 93B08531248DDF3000E215BD /* Build configuration list for PBXNativeTarget "Project_Timer" */;
			buildPhases = (
				E8CAA21AC1158FBC94E3BF1C /* [CP] Check Pods Manifest.lock */,
				93B08519248DDF2F00E215BD /* Sources */,
				93B0851A248DDF2F00E215BD /* Frameworks */,
				93B0851B248DDF2F00E215BD /* Resources */,
				DB68906767AD974998BDAB74 /* [CP] Embed Pods Frameworks */,
			);
			buildRules = (
			);
			dependencies = (
			);
			name = Project_Timer;
			productName = Project_Timer;
			productReference = 93B0851D248DDF2F00E215BD /* TiTi.app */;
			productType = "com.apple.product-type.application";
		};
/* End PBXNativeTarget section */

/* Begin PBXProject section */
		93B08515248DDF2F00E215BD /* Project object */ = {
			isa = PBXProject;
			attributes = {
				LastSwiftUpdateCheck = 1150;
				LastUpgradeCheck = 1150;
				ORGANIZATIONNAME = FDEE;
				TargetAttributes = {
					93B0851C248DDF2F00E215BD = {
						CreatedOnToolsVersion = 11.5;
					};
				};
			};
			buildConfigurationList = 93B08518248DDF2F00E215BD /* Build configuration list for PBXProject "Project_Timer" */;
			compatibilityVersion = "Xcode 9.3";
			developmentRegion = en;
			hasScannedForEncodings = 0;
			knownRegions = (
				en,
				Base,
				ko,
			);
			mainGroup = 93B08514248DDF2F00E215BD;
			productRefGroup = 93B0851E248DDF2F00E215BD /* Products */;
			projectDirPath = "";
			projectRoot = "";
			targets = (
				93B0851C248DDF2F00E215BD /* Project_Timer */,
			);
		};
/* End PBXProject section */

/* Begin PBXResourcesBuildPhase section */
		93B0851B248DDF2F00E215BD /* Resources */ = {
			isa = PBXResourcesBuildPhase;
			buildActionMask = 2147483647;
			files = (
				8799C7F2264A33F200D7E871 /* Maplestory OTF Light.otf in Resources */,
				93B0852D248DDF3000E215BD /* LaunchScreen.storyboard in Resources */,
				8787DFDE25B5322A007B8C13 /* HGGGOTHICSSI_PRO_00G.otf in Resources */,
				872A525125F3E07E008D9F4B /* Localizable.strings in Resources */,
				8799C7F6264A33FD00D7E871 /* BinggraeMelona.otf in Resources */,
				93B0852A248DDF3000E215BD /* Assets.xcassets in Resources */,
				87BF47D525B6E12A00EE2819 /* timer.mp3 in Resources */,
				8799C7FA264A340800D7E871 /* NanumSquareRoundR.ttf in Resources */,
				8799C7F3264A33F500D7E871 /* HangeulNuriB.ttf in Resources */,
				8799C7F7264A340000D7E871 /* BinggraeTaom.otf in Resources */,
				8799C7F8264A340300D7E871 /* Cafe24Oneprettynight.ttf in Resources */,
				8787DFDC25B5322A007B8C13 /* HGGGOTHICSSI_PRO_99G.otf in Resources */,
				8787DFDA25B5322A007B8C13 /* HGGGOTHICSSI_PRO_20G.otf in Resources */,
				8787DFDD25B5322A007B8C13 /* HGGGOTHICSSI_PRO_40G.otf in Resources */,
				8787DFDB25B5322A007B8C13 /* HGGGOTHICSSI_PRO_60G.otf in Resources */,
				8799C7F9264A340500D7E871 /* NanumBarunpenRegular.ttf in Resources */,
				8787DFDF25B5322A007B8C13 /* HGGGOTHICSSI_PRO_80G.otf in Resources */,
				8799C7F5264A33FA00D7E871 /* Binggrae.otf in Resources */,
				8799C7F4264A33F800D7E871 /* HangeulNuriR.ttf in Resources */,
				93B08528248DDF2F00E215BD /* Main.storyboard in Resources */,
				876E57432664BCA200418018 /* GoogleService-Info.plist in Resources */,
			);
			runOnlyForDeploymentPostprocessing = 0;
		};
/* End PBXResourcesBuildPhase section */

/* Begin PBXShellScriptBuildPhase section */
		DB68906767AD974998BDAB74 /* [CP] Embed Pods Frameworks */ = {
			isa = PBXShellScriptBuildPhase;
			buildActionMask = 2147483647;
			files = (
			);
			inputFileListPaths = (
				"${PODS_ROOT}/Target Support Files/Pods-Project_Timer/Pods-Project_Timer-frameworks-${CONFIGURATION}-input-files.xcfilelist",
			);
			name = "[CP] Embed Pods Frameworks";
			outputFileListPaths = (
				"${PODS_ROOT}/Target Support Files/Pods-Project_Timer/Pods-Project_Timer-frameworks-${CONFIGURATION}-output-files.xcfilelist",
			);
			runOnlyForDeploymentPostprocessing = 0;
			shellPath = /bin/sh;
			shellScript = "\"${PODS_ROOT}/Target Support Files/Pods-Project_Timer/Pods-Project_Timer-frameworks.sh\"\n";
			showEnvVarsInLog = 0;
		};
		E8CAA21AC1158FBC94E3BF1C /* [CP] Check Pods Manifest.lock */ = {
			isa = PBXShellScriptBuildPhase;
			buildActionMask = 2147483647;
			files = (
			);
			inputFileListPaths = (
			);
			inputPaths = (
				"${PODS_PODFILE_DIR_PATH}/Podfile.lock",
				"${PODS_ROOT}/Manifest.lock",
			);
			name = "[CP] Check Pods Manifest.lock";
			outputFileListPaths = (
			);
			outputPaths = (
				"$(DERIVED_FILE_DIR)/Pods-Project_Timer-checkManifestLockResult.txt",
			);
			runOnlyForDeploymentPostprocessing = 0;
			shellPath = /bin/sh;
			shellScript = "diff \"${PODS_PODFILE_DIR_PATH}/Podfile.lock\" \"${PODS_ROOT}/Manifest.lock\" > /dev/null\nif [ $? != 0 ] ; then\n    # print error to STDERR\n    echo \"error: The sandbox is not in sync with the Podfile.lock. Run 'pod install' or update your CocoaPods installation.\" >&2\n    exit 1\nfi\n# This output is used by Xcode 'outputs' to avoid re-running this script phase.\necho \"SUCCESS\" > \"${SCRIPT_OUTPUT_FILE_0}\"\n";
			showEnvVarsInLog = 0;
		};
/* End PBXShellScriptBuildPhase section */

/* Begin PBXSourcesBuildPhase section */
		93B08519248DDF2F00E215BD /* Sources */ = {
			isa = PBXSourcesBuildPhase;
			buildActionMask = 2147483647;
			files = (
				870A09D5269959DF00479B37 /* testTodayViewController.swift in Sources */,
				8756C43D2656BDF900944F77 /* firstViewController.swift in Sources */,
				8738559F269B231F006BD661 /* TodoManager.swift in Sources */,
				93B08525248DDF2F00E215BD /* ViewController.swift in Sources */,
				875A6FF1261BFC390026F575 /* Storage.swift in Sources */,
				87EA080425E5463B00E17CF9 /* ContentView.swift in Sources */,
				871A441E263F8D9300354BEE /* StaticCircularProgressView.swift in Sources */,
				932EE05A2490A78400B00774 /* SetViewController.swift in Sources */,
				87577973261B05E30055C674 /* taskSelectViewController.swift in Sources */,
				87385598269B22C0006BD661 /* Dumy.swift in Sources */,
				87FF895425C42DBF00437FD5 /* ViewController2.swift in Sources */,
				875A6FF4261BFF800026F575 /* DailyViewController.swift in Sources */,
				8739DB4F264D36540066A029 /* TodayViewController.swift in Sources */,
				93A892B124C14D4700F89180 /* CircularProgressView.swift in Sources */,
				87654A43264D5C640046F66E /* todayContentView.swift in Sources */,
				8738559B269B22FF006BD661 /* TodayViewManager.swift in Sources */,
				873855A6269B236A006BD661 /* TodolistViewModel.swift in Sources */,
				87F59CAE263AF91F00EFFC15 /* GraphViewController2.swift in Sources */,
				87385596269B22AC006BD661 /* Todo.swift in Sources */,
				935411AB25402D89008CB6DD /* SetTimerViewController.swift in Sources */,
				87E07B8A263C4F030051EE85 /* TimerViewController.swift in Sources */,
				8718DBB126415A7D0027DAB1 /* Time.swift in Sources */,
				873855A4269B235D006BD661 /* DailyViewModel.swift in Sources */,
				93B08521248DDF2F00E215BD /* AppDelegate.swift in Sources */,
				93B08523248DDF2F00E215BD /* SceneDelegate.swift in Sources */,
				870920F925CC364A00CD0E3F /* SetTimerViewController2.swift in Sources */,
				87EA080725E5465300E17CF9 /* GraphViewController.swift in Sources */,
				873855A1269B2330006BD661 /* DailyManager.swift in Sources */,
				87E07B88263C49940051EE85 /* StopwatchViewController.swift in Sources */,
				875A6FED261BF4050026F575 /* Daily.swift in Sources */,
				8738559D269B2311006BD661 /* ViewManager.swift in Sources */,
				9312E4CC252231E600025C81 /* LogViewController.swift in Sources */,
			);
			runOnlyForDeploymentPostprocessing = 0;
		};
/* End PBXSourcesBuildPhase section */

/* Begin PBXVariantGroup section */
		872A525325F3E07E008D9F4B /* Localizable.strings */ = {
			isa = PBXVariantGroup;
			children = (
				872A525225F3E07E008D9F4B /* en */,
				872A525725F3E093008D9F4B /* ko */,
			);
			name = Localizable.strings;
			sourceTree = "<group>";
		};
		93B08526248DDF2F00E215BD /* Main.storyboard */ = {
			isa = PBXVariantGroup;
			children = (
				93B08527248DDF2F00E215BD /* Base */,
				872A525525F3E092008D9F4B /* ko */,
			);
			name = Main.storyboard;
			sourceTree = "<group>";
		};
		93B0852B248DDF3000E215BD /* LaunchScreen.storyboard */ = {
			isa = PBXVariantGroup;
			children = (
				93B0852C248DDF3000E215BD /* Base */,
				872A525625F3E093008D9F4B /* ko */,
			);
			name = LaunchScreen.storyboard;
			sourceTree = "<group>";
		};
/* End PBXVariantGroup section */

/* Begin XCBuildConfiguration section */
		93B0852F248DDF3000E215BD /* Debug */ = {
			isa = XCBuildConfiguration;
			buildSettings = {
				ALWAYS_SEARCH_USER_PATHS = NO;
				CLANG_ANALYZER_LOCALIZABILITY_NONLOCALIZED = YES;
				CLANG_ANALYZER_NONNULL = YES;
				CLANG_ANALYZER_NUMBER_OBJECT_CONVERSION = YES_AGGRESSIVE;
				CLANG_CXX_LANGUAGE_STANDARD = "gnu++14";
				CLANG_CXX_LIBRARY = "libc++";
				CLANG_ENABLE_MODULES = YES;
				CLANG_ENABLE_OBJC_ARC = YES;
				CLANG_ENABLE_OBJC_WEAK = YES;
				CLANG_WARN_BLOCK_CAPTURE_AUTORELEASING = YES;
				CLANG_WARN_BOOL_CONVERSION = YES;
				CLANG_WARN_COMMA = YES;
				CLANG_WARN_CONSTANT_CONVERSION = YES;
				CLANG_WARN_DEPRECATED_OBJC_IMPLEMENTATIONS = YES;
				CLANG_WARN_DIRECT_OBJC_ISA_USAGE = YES_ERROR;
				CLANG_WARN_DOCUMENTATION_COMMENTS = YES;
				CLANG_WARN_EMPTY_BODY = YES;
				CLANG_WARN_ENUM_CONVERSION = YES;
				CLANG_WARN_INFINITE_RECURSION = YES;
				CLANG_WARN_INT_CONVERSION = YES;
				CLANG_WARN_NON_LITERAL_NULL_CONVERSION = YES;
				CLANG_WARN_OBJC_IMPLICIT_RETAIN_SELF = YES;
				CLANG_WARN_OBJC_LITERAL_CONVERSION = YES;
				CLANG_WARN_OBJC_ROOT_CLASS = YES_ERROR;
				CLANG_WARN_RANGE_LOOP_ANALYSIS = YES;
				CLANG_WARN_STRICT_PROTOTYPES = YES;
				CLANG_WARN_SUSPICIOUS_MOVE = YES;
				CLANG_WARN_UNGUARDED_AVAILABILITY = YES_AGGRESSIVE;
				CLANG_WARN_UNREACHABLE_CODE = YES;
				CLANG_WARN__DUPLICATE_METHOD_MATCH = YES;
				COPY_PHASE_STRIP = NO;
				DEBUG_INFORMATION_FORMAT = dwarf;
				ENABLE_STRICT_OBJC_MSGSEND = YES;
				ENABLE_TESTABILITY = YES;
				GCC_C_LANGUAGE_STANDARD = gnu11;
				GCC_DYNAMIC_NO_PIC = NO;
				GCC_NO_COMMON_BLOCKS = YES;
				GCC_OPTIMIZATION_LEVEL = 0;
				GCC_PREPROCESSOR_DEFINITIONS = (
					"DEBUG=1",
					"$(inherited)",
				);
				GCC_WARN_64_TO_32_BIT_CONVERSION = YES;
				GCC_WARN_ABOUT_RETURN_TYPE = YES_ERROR;
				GCC_WARN_UNDECLARED_SELECTOR = YES;
				GCC_WARN_UNINITIALIZED_AUTOS = YES_AGGRESSIVE;
				GCC_WARN_UNUSED_FUNCTION = YES;
				GCC_WARN_UNUSED_VARIABLE = YES;
				IPHONEOS_DEPLOYMENT_TARGET = 13.5;
				MTL_ENABLE_DEBUG_INFO = INCLUDE_SOURCE;
				MTL_FAST_MATH = YES;
				ONLY_ACTIVE_ARCH = YES;
				SDKROOT = iphoneos;
				SWIFT_ACTIVE_COMPILATION_CONDITIONS = DEBUG;
				SWIFT_OPTIMIZATION_LEVEL = "-Onone";
			};
			name = Debug;
		};
		93B08530248DDF3000E215BD /* Release */ = {
			isa = XCBuildConfiguration;
			buildSettings = {
				ALWAYS_SEARCH_USER_PATHS = NO;
				CLANG_ANALYZER_LOCALIZABILITY_NONLOCALIZED = YES;
				CLANG_ANALYZER_NONNULL = YES;
				CLANG_ANALYZER_NUMBER_OBJECT_CONVERSION = YES_AGGRESSIVE;
				CLANG_CXX_LANGUAGE_STANDARD = "gnu++14";
				CLANG_CXX_LIBRARY = "libc++";
				CLANG_ENABLE_MODULES = YES;
				CLANG_ENABLE_OBJC_ARC = YES;
				CLANG_ENABLE_OBJC_WEAK = YES;
				CLANG_WARN_BLOCK_CAPTURE_AUTORELEASING = YES;
				CLANG_WARN_BOOL_CONVERSION = YES;
				CLANG_WARN_COMMA = YES;
				CLANG_WARN_CONSTANT_CONVERSION = YES;
				CLANG_WARN_DEPRECATED_OBJC_IMPLEMENTATIONS = YES;
				CLANG_WARN_DIRECT_OBJC_ISA_USAGE = YES_ERROR;
				CLANG_WARN_DOCUMENTATION_COMMENTS = YES;
				CLANG_WARN_EMPTY_BODY = YES;
				CLANG_WARN_ENUM_CONVERSION = YES;
				CLANG_WARN_INFINITE_RECURSION = YES;
				CLANG_WARN_INT_CONVERSION = YES;
				CLANG_WARN_NON_LITERAL_NULL_CONVERSION = YES;
				CLANG_WARN_OBJC_IMPLICIT_RETAIN_SELF = YES;
				CLANG_WARN_OBJC_LITERAL_CONVERSION = YES;
				CLANG_WARN_OBJC_ROOT_CLASS = YES_ERROR;
				CLANG_WARN_RANGE_LOOP_ANALYSIS = YES;
				CLANG_WARN_STRICT_PROTOTYPES = YES;
				CLANG_WARN_SUSPICIOUS_MOVE = YES;
				CLANG_WARN_UNGUARDED_AVAILABILITY = YES_AGGRESSIVE;
				CLANG_WARN_UNREACHABLE_CODE = YES;
				CLANG_WARN__DUPLICATE_METHOD_MATCH = YES;
				COPY_PHASE_STRIP = NO;
				DEBUG_INFORMATION_FORMAT = "dwarf-with-dsym";
				ENABLE_NS_ASSERTIONS = NO;
				ENABLE_STRICT_OBJC_MSGSEND = YES;
				GCC_C_LANGUAGE_STANDARD = gnu11;
				GCC_NO_COMMON_BLOCKS = YES;
				GCC_WARN_64_TO_32_BIT_CONVERSION = YES;
				GCC_WARN_ABOUT_RETURN_TYPE = YES_ERROR;
				GCC_WARN_UNDECLARED_SELECTOR = YES;
				GCC_WARN_UNINITIALIZED_AUTOS = YES_AGGRESSIVE;
				GCC_WARN_UNUSED_FUNCTION = YES;
				GCC_WARN_UNUSED_VARIABLE = YES;
				IPHONEOS_DEPLOYMENT_TARGET = 13.5;
				MTL_ENABLE_DEBUG_INFO = NO;
				MTL_FAST_MATH = YES;
				SDKROOT = iphoneos;
				SWIFT_COMPILATION_MODE = wholemodule;
				SWIFT_OPTIMIZATION_LEVEL = "-O";
				VALIDATE_PRODUCT = YES;
			};
			name = Release;
		};
		93B08532248DDF3000E215BD /* Debug */ = {
			isa = XCBuildConfiguration;
			baseConfigurationReference = D717C535DF3C2A8846A76A20 /* Pods-Project_Timer.debug.xcconfig */;
			buildSettings = {
				ASSETCATALOG_COMPILER_APPICON_NAME = AppIcon;
				CODE_SIGN_ENTITLEMENTS = Project_Timer/Project_Timer.entitlements;
				CODE_SIGN_STYLE = Automatic;
				CURRENT_PROJECT_VERSION = 65;
				DEVELOPMENT_TEAM = 2C96RNDN63;
				INFOPLIST_FILE = Project_Timer/Info.plist;
				IPHONEOS_DEPLOYMENT_TARGET = 13.0;
				LD_RUNPATH_SEARCH_PATHS = (
					"$(inherited)",
					"@executable_path/Frameworks",
				);
				MARKETING_VERSION = 4.0;
				PRODUCT_BUNDLE_IDENTIFIER = "com.FDEE.TiTi-ipad";
				PRODUCT_NAME = TiTi;
				SUPPORTS_MACCATALYST = NO;
				SWIFT_VERSION = 5.0;
				TARGETED_DEVICE_FAMILY = 2;
			};
			name = Debug;
		};
		93B08533248DDF3000E215BD /* Release */ = {
			isa = XCBuildConfiguration;
			baseConfigurationReference = B9F9DD95587EC2C8E3D9B10C /* Pods-Project_Timer.release.xcconfig */;
			buildSettings = {
				ASSETCATALOG_COMPILER_APPICON_NAME = AppIcon;
				CODE_SIGN_ENTITLEMENTS = Project_Timer/Project_Timer.entitlements;
				CODE_SIGN_STYLE = Automatic;
				CURRENT_PROJECT_VERSION = 65;
				DEVELOPMENT_TEAM = 2C96RNDN63;
				INFOPLIST_FILE = Project_Timer/Info.plist;
				IPHONEOS_DEPLOYMENT_TARGET = 13.0;
				LD_RUNPATH_SEARCH_PATHS = (
					"$(inherited)",
					"@executable_path/Frameworks",
				);
				MARKETING_VERSION = 4.0;
				PRODUCT_BUNDLE_IDENTIFIER = "com.FDEE.TiTi-ipad";
				PRODUCT_NAME = TiTi;
				SUPPORTS_MACCATALYST = NO;
				SWIFT_VERSION = 5.0;
				TARGETED_DEVICE_FAMILY = 2;
			};
			name = Release;
		};
/* End XCBuildConfiguration section */

/* Begin XCConfigurationList section */
		93B08518248DDF2F00E215BD /* Build configuration list for PBXProject "Project_Timer" */ = {
			isa = XCConfigurationList;
			buildConfigurations = (
				93B0852F248DDF3000E215BD /* Debug */,
				93B08530248DDF3000E215BD /* Release */,
			);
			defaultConfigurationIsVisible = 0;
			defaultConfigurationName = Release;
		};
		93B08531248DDF3000E215BD /* Build configuration list for PBXNativeTarget "Project_Timer" */ = {
			isa = XCConfigurationList;
			buildConfigurations = (
				93B08532248DDF3000E215BD /* Debug */,
				93B08533248DDF3000E215BD /* Release */,
			);
			defaultConfigurationIsVisible = 0;
			defaultConfigurationName = Release;
		};
/* End XCConfigurationList section */
	};
	rootObject = 93B08515248DDF2F00E215BD /* Project object */;
}
